// !$*UTF8*$!
{
	archiveVersion = 1;
	classes = {
	};
	objectVersion = 50;
	objects = {

/* Begin PBXBuildFile section */
		24D6C01A25B0056B0031EA86 /* AppDelegate.swift in Sources */ = {isa = PBXBuildFile; fileRef = 24D6C01925B0056B0031EA86 /* AppDelegate.swift */; };
		24D6C01C25B0056B0031EA86 /* SceneDelegate.swift in Sources */ = {isa = PBXBuildFile; fileRef = 24D6C01B25B0056B0031EA86 /* SceneDelegate.swift */; };
		24D6C01E25B0056B0031EA86 /* ViewController.swift in Sources */ = {isa = PBXBuildFile; fileRef = 24D6C01D25B0056B0031EA86 /* ViewController.swift */; };
		24D6C02125B0056B0031EA86 /* Main.storyboard in Resources */ = {isa = PBXBuildFile; fileRef = 24D6C01F25B0056B0031EA86 /* Main.storyboard */; };
		24D6C02325B0056C0031EA86 /* Assets.xcassets in Resources */ = {isa = PBXBuildFile; fileRef = 24D6C02225B0056C0031EA86 /* Assets.xcassets */; };
		24D6C02625B0056C0031EA86 /* LaunchScreen.storyboard in Resources */ = {isa = PBXBuildFile; fileRef = 24D6C02425B0056C0031EA86 /* LaunchScreen.storyboard */; };
		24D6C03125B005E40031EA86 /* Friend.swift in Sources */ = {isa = PBXBuildFile; fileRef = 24D6C02E25B005E40031EA86 /* Friend.swift */; };
		24D6C03325B005E40031EA86 /* Connection.swift in Sources */ = {isa = PBXBuildFile; fileRef = 24D6C03025B005E40031EA86 /* Connection.swift */; };
		24D6C03625B007D90031EA86 /* data.json in Resources */ = {isa = PBXBuildFile; fileRef = 24D6C03525B007D90031EA86 /* data.json */; };
/* End PBXBuildFile section */

/* Begin PBXFileReference section */
		24D6C01625B0056B0031EA86 /* Table of friends.app */ = {isa = PBXFileReference; explicitFileType = wrapper.application; includeInIndex = 0; path = "Table of friends.app"; sourceTree = BUILT_PRODUCTS_DIR; };
		24D6C01925B0056B0031EA86 /* AppDelegate.swift */ = {isa = PBXFileReference; lastKnownFileType = sourcecode.swift; path = AppDelegate.swift; sourceTree = "<group>"; };
		24D6C01B25B0056B0031EA86 /* SceneDelegate.swift */ = {isa = PBXFileReference; lastKnownFileType = sourcecode.swift; path = SceneDelegate.swift; sourceTree = "<group>"; };
		24D6C01D25B0056B0031EA86 /* ViewController.swift */ = {isa = PBXFileReference; lastKnownFileType = sourcecode.swift; path = ViewController.swift; sourceTree = "<group>"; };
		24D6C02025B0056B0031EA86 /* Base */ = {isa = PBXFileReference; lastKnownFileType = file.storyboard; name = Base; path = Base.lproj/Main.storyboard; sourceTree = "<group>"; };
		24D6C02225B0056C0031EA86 /* Assets.xcassets */ = {isa = PBXFileReference; lastKnownFileType = folder.assetcatalog; path = Assets.xcassets; sourceTree = "<group>"; };
		24D6C02525B0056C0031EA86 /* Base */ = {isa = PBXFileReference; lastKnownFileType = file.storyboard; name = Base; path = Base.lproj/LaunchScreen.storyboard; sourceTree = "<group>"; };
		24D6C02725B0056C0031EA86 /* Info.plist */ = {isa = PBXFileReference; lastKnownFileType = text.plist.xml; path = Info.plist; sourceTree = "<group>"; };
		24D6C02E25B005E40031EA86 /* Friend.swift */ = {isa = PBXFileReference; fileEncoding = 4; lastKnownFileType = sourcecode.swift; name = Friend.swift; path = ../../FriendFaces/FriendFaces/Friend.swift; sourceTree = "<group>"; };
		24D6C03025B005E40031EA86 /* Connection.swift */ = {isa = PBXFileReference; fileEncoding = 4; lastKnownFileType = sourcecode.swift; name = Connection.swift; path = ../../FriendFaces/FriendFaces/Connection.swift; sourceTree = "<group>"; };
		24D6C03525B007D90031EA86 /* data.json */ = {isa = PBXFileReference; fileEncoding = 4; lastKnownFileType = text.json; path = data.json; sourceTree = "<group>"; };
/* End PBXFileReference section */

/* Begin PBXFrameworksBuildPhase section */
		24D6C01325B0056B0031EA86 /* Frameworks */ = {
			isa = PBXFrameworksBuildPhase;
			buildActionMask = 2147483647;
			files = (
			);
			runOnlyForDeploymentPostprocessing = 0;
		};
/* End PBXFrameworksBuildPhase section */

/* Begin PBXGroup section */
		24D6C00D25B0056B0031EA86 = {
			isa = PBXGroup;
			children = (
				24D6C01825B0056B0031EA86 /* Table of friends */,
				24D6C01725B0056B0031EA86 /* Products */,
			);
			sourceTree = "<group>";
		};
		24D6C01725B0056B0031EA86 /* Products */ = {
			isa = PBXGroup;
			children = (
				24D6C01625B0056B0031EA86 /* Table of friends.app */,
			);
			name = Products;
			sourceTree = "<group>";
		};
		24D6C01825B0056B0031EA86 /* Table of friends */ = {
			isa = PBXGroup;
			children = (
				24D6C03525B007D90031EA86 /* data.json */,
				24D6C03025B005E40031EA86 /* Connection.swift */,
				24D6C02E25B005E40031EA86 /* Friend.swift */,
				24D6C01925B0056B0031EA86 /* AppDelegate.swift */,
				24D6C01B25B0056B0031EA86 /* SceneDelegate.swift */,
				24D6C01D25B0056B0031EA86 /* ViewController.swift */,
				24D6C01F25B0056B0031EA86 /* Main.storyboard */,
				24D6C02225B0056C0031EA86 /* Assets.xcassets */,
				24D6C02425B0056C0031EA86 /* LaunchScreen.storyboard */,
				24D6C02725B0056C0031EA86 /* Info.plist */,
			);
			path = "Table of friends";
			sourceTree = "<group>";
		};
/* End PBXGroup section */

/* Begin PBXNativeTarget section */
		24D6C01525B0056B0031EA86 /* Table of friends */ = {
			isa = PBXNativeTarget;
			buildConfigurationList = 24D6C02A25B0056C0031EA86 /* Build configuration list for PBXNativeTarget "Table of friends" */;
			buildPhases = (
				24D6C01225B0056B0031EA86 /* Sources */,
				24D6C01325B0056B0031EA86 /* Frameworks */,
				24D6C01425B0056B0031EA86 /* Resources */,
			);
			buildRules = (
			);
			dependencies = (
			);
			name = "Table of friends";
			productName = "Table of friends";
			productReference = 24D6C01625B0056B0031EA86 /* Table of friends.app */;
			productType = "com.apple.product-type.application";
		};
/* End PBXNativeTarget section */

/* Begin PBXProject section */
		24D6C00E25B0056B0031EA86 /* Project object */ = {
			isa = PBXProject;
			attributes = {
				LastSwiftUpdateCheck = 1230;
				LastUpgradeCheck = 1230;
				TargetAttributes = {
					24D6C01525B0056B0031EA86 = {
						CreatedOnToolsVersion = 12.3;
					};
				};
			};
			buildConfigurationList = 24D6C01125B0056B0031EA86 /* Build configuration list for PBXProject "Table of friends" */;
			compatibilityVersion = "Xcode 9.3";
			developmentRegion = en;
			hasScannedForEncodings = 0;
			knownRegions = (
				en,
				Base,
			);
			mainGroup = 24D6C00D25B0056B0031EA86;
			productRefGroup = 24D6C01725B0056B0031EA86 /* Products */;
			projectDirPath = "";
			projectRoot = "";
			targets = (
				24D6C01525B0056B0031EA86 /* Table of friends */,
			);
		};
/* End PBXProject section */

/* Begin PBXResourcesBuildPhase section */
		24D6C01425B0056B0031EA86 /* Resources */ = {
			isa = PBXResourcesBuildPhase;
			buildActionMask = 2147483647;
			files = (
				24D6C02625B0056C0031EA86 /* LaunchScreen.storyboard in Resources */,
				24D6C02325B0056C0031EA86 /* Assets.xcassets in Resources */,
				24D6C03625B007D90031EA86 /* data.json in Resources */,
				24D6C02125B0056B0031EA86 /* Main.storyboard in Resources */,
			);
			runOnlyForDeploymentPostprocessing = 0;
		};
/* End PBXResourcesBuildPhase section */

/* Begin PBXSourcesBuildPhase section */
		24D6C01225B0056B0031EA86 /* Sources */ = {
			isa = PBXSourcesBuildPhase;
			buildActionMask = 2147483647;
			files = (
				24D6C01E25B0056B0031EA86 /* ViewController.swift in Sources */,
				24D6C01A25B0056B0031EA86 /* AppDelegate.swift in Sources */,
				24D6C03325B005E40031EA86 /* Connection.swift in Sources */,
				24D6C01C25B0056B0031EA86 /* SceneDelegate.swift in Sources */,
				24D6C03125B005E40031EA86 /* Friend.swift in Sources */,
			);
			runOnlyForDeploymentPostprocessing = 0;
		};
/* End PBXSourcesBuildPhase section */

/* Begin PBXVariantGroup section */
		24D6C01F25B0056B0031EA86 /* Main.storyboard */ = {
			isa = PBXVariantGroup;
			children = (
				24D6C02025B0056B0031EA86 /* Base */,
			);
			name = Main.storyboard;
			sourceTree = "<group>";
		};
		24D6C02425B0056C0031EA86 /* LaunchScreen.storyboard */ = {
			isa = PBXVariantGroup;
			children = (
				24D6C02525B0056C0031EA86 /* Base */,
			);
			name = LaunchScreen.storyboard;
			sourceTree = "<group>";
		};
/* End PBXVariantGroup section */

/* Begin XCBuildConfiguration section */
		24D6C02825B0056C0031EA86 /* Debug */ = {
			isa = XCBuildConfiguration;
			buildSettings = {
				ALWAYS_SEARCH_USER_PATHS = NO;
				CLANG_ANALYZER_NONNULL = YES;
				CLANG_ANALYZER_NUMBER_OBJECT_CONVERSION = YES_AGGRESSIVE;
				CLANG_CXX_LANGUAGE_STANDARD = "gnu++14";
				CLANG_CXX_LIBRARY = "libc++";
				CLANG_ENABLE_MODULES = YES;
				CLANG_ENABLE_OBJC_ARC = YES;
				CLANG_ENABLE_OBJC_WEAK = YES;
				CLANG_WARN_BLOCK_CAPTURE_AUTORELEASING = YES;
				CLANG_WARN_BOOL_CONVERSION = YES;
				CLANG_WARN_COMMA = YES;
				CLANG_WARN_CONSTANT_CONVERSION = YES;
				CLANG_WARN_DEPRECATED_OBJC_IMPLEMENTATIONS = YES;
				CLANG_WARN_DIRECT_OBJC_ISA_USAGE = YES_ERROR;
				CLANG_WARN_DOCUMENTATION_COMMENTS = YES;
				CLANG_WARN_EMPTY_BODY = YES;
				CLANG_WARN_ENUM_CONVERSION = YES;
				CLANG_WARN_INFINITE_RECURSION = YES;
				CLANG_WARN_INT_CONVERSION = YES;
				CLANG_WARN_NON_LITERAL_NULL_CONVERSION = YES;
				CLANG_WARN_OBJC_IMPLICIT_RETAIN_SELF = YES;
				CLANG_WARN_OBJC_LITERAL_CONVERSION = YES;
				CLANG_WARN_OBJC_ROOT_CLASS = YES_ERROR;
				CLANG_WARN_QUOTED_INCLUDE_IN_FRAMEWORK_HEADER = YES;
				CLANG_WARN_RANGE_LOOP_ANALYSIS = YES;
				CLANG_WARN_STRICT_PROTOTYPES = YES;
				CLANG_WARN_SUSPICIOUS_MOVE = YES;
				CLANG_WARN_UNGUARDED_AVAILABILITY = YES_AGGRESSIVE;
				CLANG_WARN_UNREACHABLE_CODE = YES;
				CLANG_WARN__DUPLICATE_METHOD_MATCH = YES;
				COPY_PHASE_STRIP = NO;
				DEBUG_INFORMATION_FORMAT = dwarf;
				ENABLE_STRICT_OBJC_MSGSEND = YES;
				ENABLE_TESTABILITY = YES;
				GCC_C_LANGUAGE_STANDARD = gnu11;
				GCC_DYNAMIC_NO_PIC = NO;
				GCC_NO_COMMON_BLOCKS = YES;
				GCC_OPTIMIZATION_LEVEL = 0;
				GCC_PREPROCESSOR_DEFINITIONS = (
					"DEBUG=1",
					"$(inherited)",
				);
				GCC_WARN_64_TO_32_BIT_CONVERSION = YES;
				GCC_WARN_ABOUT_RETURN_TYPE = YES_ERROR;
				GCC_WARN_UNDECLARED_SELECTOR = YES;
				GCC_WARN_UNINITIALIZED_AUTOS = YES_AGGRESSIVE;
				GCC_WARN_UNUSED_FUNCTION = YES;
				GCC_WARN_UNUSED_VARIABLE = YES;
				IPHONEOS_DEPLOYMENT_TARGET = 14.3;
				MTL_ENABLE_DEBUG_INFO = INCLUDE_SOURCE;
				MTL_FAST_MATH = YES;
				ONLY_ACTIVE_ARCH = YES;
				SDKROOT = iphoneos;
				SWIFT_ACTIVE_COMPILATION_CONDITIONS = DEBUG;
				SWIFT_OPTIMIZATION_LEVEL = "-Onone";
			};
			name = Debug;
		};
		24D6C02925B0056C0031EA86 /* Release */ = {
			isa = XCBuildConfiguration;
			buildSettings = {
				ALWAYS_SEARCH_USER_PATHS = NO;
				CLANG_ANALYZER_NONNULL = YES;
				CLANG_ANALYZER_NUMBER_OBJECT_CONVERSION = YES_AGGRESSIVE;
				CLANG_CXX_LANGUAGE_STANDARD = "gnu++14";
				CLANG_CXX_LIBRARY = "libc++";
				CLANG_ENABLE_MODULES = YES;
				CLANG_ENABLE_OBJC_ARC = YES;
				CLANG_ENABLE_OBJC_WEAK = YES;
				CLANG_WARN_BLOCK_CAPTURE_AUTORELEASING = YES;
				CLANG_WARN_BOOL_CONVERSION = YES;
				CLANG_WARN_COMMA = YES;
				CLANG_WARN_CONSTANT_CONVERSION = YES;
				CLANG_WARN_DEPRECATED_OBJC_IMPLEMENTATIONS = YES;
				CLANG_WARN_DIRECT_OBJC_ISA_USAGE = YES_ERROR;
				CLANG_WARN_DOCUMENTATION_COMMENTS = YES;
				CLANG_WARN_EMPTY_BODY = YES;
				CLANG_WARN_ENUM_CONVERSION = YES;
				CLANG_WARN_INFINITE_RECURSION = YES;
				CLANG_WARN_INT_CONVERSION = YES;
				CLANG_WARN_NON_LITERAL_NULL_CONVERSION = YES;
				CLANG_WARN_OBJC_IMPLICIT_RETAIN_SELF = YES;
				CLANG_WARN_OBJC_LITERAL_CONVERSION = YES;
				CLANG_WARN_OBJC_ROOT_CLASS = YES_ERROR;
				CLANG_WARN_QUOTED_INCLUDE_IN_FRAMEWORK_HEADER = YES;
				CLANG_WARN_RANGE_LOOP_ANALYSIS = YES;
				CLANG_WARN_STRICT_PROTOTYPES = YES;
				CLANG_WARN_SUSPICIOUS_MOVE = YES;
				CLANG_WARN_UNGUARDED_AVAILABILITY = YES_AGGRESSIVE;
				CLANG_WARN_UNREACHABLE_CODE = YES;
				CLANG_WARN__DUPLICATE_METHOD_MATCH = YES;
				COPY_PHASE_STRIP = NO;
				DEBUG_INFORMATION_FORMAT = "dwarf-with-dsym";
				ENABLE_NS_ASSERTIONS = NO;
				ENABLE_STRICT_OBJC_MSGSEND = YES;
				GCC_C_LANGUAGE_STANDARD = gnu11;
				GCC_NO_COMMON_BLOCKS = YES;
				GCC_WARN_64_TO_32_BIT_CONVERSION = YES;
				GCC_WARN_ABOUT_RETURN_TYPE = YES_ERROR;
				GCC_WARN_UNDECLARED_SELECTOR = YES;
				GCC_WARN_UNINITIALIZED_AUTOS = YES_AGGRESSIVE;
				GCC_WARN_UNUSED_FUNCTION = YES;
				GCC_WARN_UNUSED_VARIABLE = YES;
				IPHONEOS_DEPLOYMENT_TARGET = 14.3;
				MTL_ENABLE_DEBUG_INFO = NO;
				MTL_FAST_MATH = YES;
				SDKROOT = iphoneos;
				SWIFT_COMPILATION_MODE = wholemodule;
				SWIFT_OPTIMIZATION_LEVEL = "-O";
				VALIDATE_PRODUCT = YES;
			};
			name = Release;
		};
		24D6C02B25B0056C0031EA86 /* Debug */ = {
			isa = XCBuildConfiguration;
			buildSettings = {
				ASSETCATALOG_COMPILER_APPICON_NAME = AppIcon;
				ASSETCATALOG_COMPILER_GLOBAL_ACCENT_COLOR_NAME = AccentColor;
				CODE_SIGN_STYLE = Automatic;
				DEVELOPMENT_TEAM = 6DTH4JYTC3;
				INFOPLIST_FILE = "Table of friends/Info.plist";
				LD_RUNPATH_SEARCH_PATHS = (
					"$(inherited)",
					"@executable_path/Frameworks",
				);
				PRODUCT_BUNDLE_IDENTIFIER = "test.Table-of-friends";
				PRODUCT_NAME = "$(TARGET_NAME)";
				SWIFT_VERSION = 5.0;
				TARGETED_DEVICE_FAMILY = "1,2";
			};
			name = Debug;
		};
		24D6C02C25B0056C0031EA86 /* Release */ = {
			isa = XCBuildConfiguration;
			buildSettings = {
				ASSETCATALOG_COMPILER_APPICON_NAME = AppIcon;
				ASSETCATALOG_COMPILER_GLOBAL_ACCENT_COLOR_NAME = AccentColor;
				CODE_SIGN_STYLE = Automatic;
				DEVELOPMENT_TEAM = 6DTH4JYTC3;
				INFOPLIST_FILE = "Table of friends/Info.plist";
				LD_RUNPATH_SEARCH_PATHS = (
					"$(inherited)",
					"@executable_path/Frameworks",
				);
				PRODUCT_BUNDLE_IDENTIFIER = "test.Table-of-friends";
				PRODUCT_NAME = "$(TARGET_NAME)";
				SWIFT_VERSION = 5.0;
				TARGETED_DEVICE_FAMILY = "1,2";
			};
			name = Release;
		};
/* End XCBuildConfiguration section */

/* Begin XCConfigurationList section */
		24D6C01125B0056B0031EA86 /* Build configuration list for PBXProject "Table of friends" */ = {
			isa = XCConfigurationList;
			buildConfigurations = (
				24D6C02825B0056C0031EA86 /* Debug */,
				24D6C02925B0056C0031EA86 /* Release */,
			);
			defaultConfigurationIsVisible = 0;
			defaultConfigurationName = Release;
		};
		24D6C02A25B0056C0031EA86 /* Build configuration list for PBXNativeTarget "Table of friends" */ = {
			isa = XCConfigurationList;
			buildConfigurations = (
				24D6C02B25B0056C0031EA86 /* Debug */,
				24D6C02C25B0056C0031EA86 /* Release */,
			);
			defaultConfigurationIsVisible = 0;
			defaultConfigurationName = Release;
		};
/* End XCConfigurationList section */
	};
	rootObject = 24D6C00E25B0056B0031EA86 /* Project object */;
}
